
Microsoft Visual Studio Solution File, Format Version 12.00
Project("{FAE04EC0-301F-11D3-BF4B-00C04F79EFBC}") = "Producer", "Producer\Producer.csproj", "{11727709-CF8F-4AFE-8A10-268CF2BC0FC9}"
EndProject
Project("{2150E333-8FDC-42A3-9474-1A3956D46DE8}") = "Solution Items", "Solution Items", "{460C8EF6-1F7B-4746-8E12-EF4B1F5C4B47}"
	ProjectSection(SolutionItems) = preProject
		docker-compose.yml = docker-compose.yml
	EndProjectSection
EndProject
Project("{FAE04EC0-301F-11D3-BF4B-00C04F79EFBC}") = "Consumer", "Consumer\Consumer.csproj", "{9D0A11B9-4349-4208-ABB9-668740945063}"
EndProject
Global
	GlobalSection(SolutionConfigurationPlatforms) = preSolution
		Debug|Any CPU = Debug|Any CPU
		Release|Any CPU = Release|Any CPU
	EndGlobalSection
	GlobalSection(ProjectConfigurationPlatforms) = postSolution
		{11727709-CF8F-4AFE-8A10-268CF2BC0FC9}.Debug|Any CPU.ActiveCfg = Debug|Any CPU
		{11727709-CF8F-4AFE-8A10-268CF2BC0FC9}.Debug|Any CPU.Build.0 = Debug|Any CPU
		{11727709-CF8F-4AFE-8A10-268CF2BC0FC9}.Release|Any CPU.ActiveCfg = Release|Any CPU
		{11727709-CF8F-4AFE-8A10-268CF2BC0FC9}.Release|Any CPU.Build.0 = Release|Any CPU
		{9D0A11B9-4349-4208-ABB9-668740945063}.Debug|Any CPU.ActiveCfg = Debug|Any CPU
		{9D0A11B9-4349-4208-ABB9-668740945063}.Debug|Any CPU.Build.0 = Debug|Any CPU
		{9D0A11B9-4349-4208-ABB9-668740945063}.Release|Any CPU.ActiveCfg = Release|Any CPU
		{9D0A11B9-4349-4208-ABB9-668740945063}.Release|Any CPU.Build.0 = Release|Any CPU
	EndGlobalSection
EndGlobal
